
Microsoft Visual Studio Solution File, Format Version 12.00
# Visual Studio Version 17
VisualStudioVersion = 17.8.34330.188
MinimumVisualStudioVersion = 10.0.40219.1
Project("{FAE04EC0-301F-11D3-BF4B-00C04F79EFBC}") = "PerfectPay", "PerfectPay\PerfectPay.csproj", "{6DFA47C5-5110-4AC4-BD71-111D171F6819}"
EndProject
Global
	GlobalSection(SolutionConfigurationPlatforms) = preSolution
		Debug|Any CPU = Debug|Any CPU
		Release|Any CPU = Release|Any CPU
	EndGlobalSection
	GlobalSection(ProjectConfigurationPlatforms) = postSolution
		{6DFA47C5-5110-4AC4-BD71-111D171F6819}.Debug|Any CPU.ActiveCfg = Debug|Any CPU
		{6DFA47C5-5110-4AC4-BD71-111D171F6819}.Debug|Any CPU.Build.0 = Debug|Any CPU
		{6DFA47C5-5110-4AC4-BD71-111D171F6819}.Debug|Any CPU.Deploy.0 = Debug|Any CPU
		{6DFA47C5-5110-4AC4-BD71-111D171F6819}.Release|Any CPU.ActiveCfg = Release|Any CPU
		{6DFA47C5-5110-4AC4-BD71-111D171F6819}.Release|Any CPU.Build.0 = Release|Any CPU
		{6DFA47C5-5110-4AC4-BD71-111D171F6819}.Release|Any CPU.Deploy.0 = Release|Any CPU
	EndGlobalSection
	GlobalSection(SolutionProperties) = preSolution
		HideSolutionNode = FALSE
	EndGlobalSection
	GlobalSection(ExtensibilityGlobals) = postSolution
		SolutionGuid = {0EB9235F-5B89-4294-96B7-59AE49EFDAA0}
	EndGlobalSection
EndGlobal
